// !$*UTF8*$!
{
	archiveVersion = 1;
	classes = {
	};
	objectVersion = 46;
	objects = {

/* Begin PBXBuildFile section */
		7C5AD7E71F05D8A700884019 /* AppDelegate.swift in Sources */ = {isa = PBXBuildFile; fileRef = 7C5AD7E61F05D8A700884019 /* AppDelegate.swift */; };
		7C5AD7E91F05D8A700884019 /* ViewController.swift in Sources */ = {isa = PBXBuildFile; fileRef = 7C5AD7E81F05D8A700884019 /* ViewController.swift */; };
		7C5AD7EC1F05D8A700884019 /* Main.storyboard in Resources */ = {isa = PBXBuildFile; fileRef = 7C5AD7EA1F05D8A700884019 /* Main.storyboard */; };
		7C5AD7EF1F05D8A700884019 /* ImageScroll.xcdatamodeld in Sources */ = {isa = PBXBuildFile; fileRef = 7C5AD7ED1F05D8A700884019 /* ImageScroll.xcdatamodeld */; };
		7C5AD7F11F05D8A700884019 /* Assets.xcassets in Resources */ = {isa = PBXBuildFile; fileRef = 7C5AD7F01F05D8A700884019 /* Assets.xcassets */; };
		7C5AD7F41F05D8A700884019 /* LaunchScreen.storyboard in Resources */ = {isa = PBXBuildFile; fileRef = 7C5AD7F21F05D8A700884019 /* LaunchScreen.storyboard */; };
/* End PBXBuildFile section */

/* Begin PBXFileReference section */
		7C5AD7E31F05D8A700884019 /* ImageScroll.app */ = {isa = PBXFileReference; explicitFileType = wrapper.application; includeInIndex = 0; path = ImageScroll.app; sourceTree = BUILT_PRODUCTS_DIR; };
		7C5AD7E61F05D8A700884019 /* AppDelegate.swift */ = {isa = PBXFileReference; lastKnownFileType = sourcecode.swift; path = AppDelegate.swift; sourceTree = "<group>"; };
		7C5AD7E81F05D8A700884019 /* ViewController.swift */ = {isa = PBXFileReference; lastKnownFileType = sourcecode.swift; path = ViewController.swift; sourceTree = "<group>"; };
		7C5AD7EB1F05D8A700884019 /* Base */ = {isa = PBXFileReference; lastKnownFileType = file.storyboard; name = Base; path = Base.lproj/Main.storyboard; sourceTree = "<group>"; };
		7C5AD7EE1F05D8A700884019 /* ImageScroll.xcdatamodel */ = {isa = PBXFileReference; lastKnownFileType = wrapper.xcdatamodel; path = ImageScroll.xcdatamodel; sourceTree = "<group>"; };
		7C5AD7F01F05D8A700884019 /* Assets.xcassets */ = {isa = PBXFileReference; lastKnownFileType = folder.assetcatalog; path = Assets.xcassets; sourceTree = "<group>"; };
		7C5AD7F31F05D8A700884019 /* Base */ = {isa = PBXFileReference; lastKnownFileType = file.storyboard; name = Base; path = Base.lproj/LaunchScreen.storyboard; sourceTree = "<group>"; };
		7C5AD7F51F05D8A700884019 /* Info.plist */ = {isa = PBXFileReference; lastKnownFileType = text.plist.xml; path = Info.plist; sourceTree = "<group>"; };
/* End PBXFileReference section */

/* Begin PBXFrameworksBuildPhase section */
		7C5AD7E01F05D8A700884019 /* Frameworks */ = {
			isa = PBXFrameworksBuildPhase;
			buildActionMask = 2147483647;
			files = (
			);
			runOnlyForDeploymentPostprocessing = 0;
		};
/* End PBXFrameworksBuildPhase section */

/* Begin PBXGroup section */
		7C5AD7DA1F05D8A700884019 = {
			isa = PBXGroup;
			children = (
				7C5AD7E51F05D8A700884019 /* ImageScroll */,
				7C5AD7E41F05D8A700884019 /* Products */,
			);
			sourceTree = "<group>";
		};
		7C5AD7E41F05D8A700884019 /* Products */ = {
			isa = PBXGroup;
			children = (
				7C5AD7E31F05D8A700884019 /* ImageScroll.app */,
			);
			name = Products;
			sourceTree = "<group>";
		};
		7C5AD7E51F05D8A700884019 /* ImageScroll */ = {
			isa = PBXGroup;
			children = (
				7C5AD7E61F05D8A700884019 /* AppDelegate.swift */,
				7C5AD7E81F05D8A700884019 /* ViewController.swift */,
				7C5AD7EA1F05D8A700884019 /* Main.storyboard */,
				7C5AD7F01F05D8A700884019 /* Assets.xcassets */,
				7C5AD7F21F05D8A700884019 /* LaunchScreen.storyboard */,
				7C5AD7F51F05D8A700884019 /* Info.plist */,
				7C5AD7ED1F05D8A700884019 /* ImageScroll.xcdatamodeld */,
			);
			path = ImageScroll;
			sourceTree = "<group>";
		};
/* End PBXGroup section */

/* Begin PBXNativeTarget section */
		7C5AD7E21F05D8A700884019 /* ImageScroll */ = {
			isa = PBXNativeTarget;
			buildConfigurationList = 7C5AD7F81F05D8A700884019 /* Build configuration list for PBXNativeTarget "ImageScroll" */;
			buildPhases = (
				7C5AD7DF1F05D8A700884019 /* Sources */,
				7C5AD7E01F05D8A700884019 /* Frameworks */,
				7C5AD7E11F05D8A700884019 /* Resources */,
			);
			buildRules = (
			);
			dependencies = (
			);
			name = ImageScroll;
			productName = ImageScroll;
			productReference = 7C5AD7E31F05D8A700884019 /* ImageScroll.app */;
			productType = "com.apple.product-type.application";
		};
/* End PBXNativeTarget section */

/* Begin PBXProject section */
		7C5AD7DB1F05D8A700884019 /* Project object */ = {
			isa = PBXProject;
			attributes = {
				LastSwiftUpdateCheck = 0830;
				LastUpgradeCheck = 0830;
				ORGANIZATIONNAME = "Haikal Rios";
				TargetAttributes = {
					7C5AD7E21F05D8A700884019 = {
						CreatedOnToolsVersion = 8.3.2;
						DevelopmentTeam = 44H7KF5CV6;
						ProvisioningStyle = Automatic;
					};
				};
			};
			buildConfigurationList = 7C5AD7DE1F05D8A700884019 /* Build configuration list for PBXProject "ImageScroll" */;
			compatibilityVersion = "Xcode 3.2";
			developmentRegion = English;
			hasScannedForEncodings = 0;
			knownRegions = (
				en,
				Base,
			);
			mainGroup = 7C5AD7DA1F05D8A700884019;
			productRefGroup = 7C5AD7E41F05D8A700884019 /* Products */;
			projectDirPath = "";
			projectRoot = "";
			targets = (
				7C5AD7E21F05D8A700884019 /* ImageScroll */,
			);
		};
/* End PBXProject section */

/* Begin PBXResourcesBuildPhase section */
		7C5AD7E11F05D8A700884019 /* Resources */ = {
			isa = PBXResourcesBuildPhase;
			buildActionMask = 2147483647;
			files = (
				7C5AD7F41F05D8A700884019 /* LaunchScreen.storyboard in Resources */,
				7C5AD7F11F05D8A700884019 /* Assets.xcassets in Resources */,
				7C5AD7EC1F05D8A700884019 /* Main.storyboard in Resources */,
			);
			runOnlyForDeploymentPostprocessing = 0;
		};
/* End PBXResourcesBuildPhase section */

/* Begin PBXSourcesBuildPhase section */
		7C5AD7DF1F05D8A700884019 /* Sources */ = {
			isa = PBXSourcesBuildPhase;
			buildActionMask = 2147483647;
			files = (
				7C5AD7E91F05D8A700884019 /* ViewController.swift in Sources */,
				7C5AD7EF1F05D8A700884019 /* ImageScroll.xcdatamodeld in Sources */,
				7C5AD7E71F05D8A700884019 /* AppDelegate.swift in Sources */,
			);
			runOnlyForDeploymentPostprocessing = 0;
		};
/* End PBXSourcesBuildPhase section */

/* Begin PBXVariantGroup section */
		7C5AD7EA1F05D8A700884019 /* Main.storyboard */ = {
			isa = PBXVariantGroup;
			children = (
				7C5AD7EB1F05D8A700884019 /* Base */,
			);
			name = Main.storyboard;
			sourceTree = "<group>";
		};
		7C5AD7F21F05D8A700884019 /* LaunchScreen.storyboard */ = {
			isa = PBXVariantGroup;
			children = (
				7C5AD7F31F05D8A700884019 /* Base */,
			);
			name = LaunchScreen.storyboard;
			sourceTree = "<group>";
		};
/* End PBXVariantGroup section */

/* Begin XCBuildConfiguration section */
		7C5AD7F61F05D8A700884019 /* Debug */ = {
			isa = XCBuildConfiguration;
			buildSettings = {
				ALWAYS_SEARCH_USER_PATHS = NO;
				CLANG_ANALYZER_NONNULL = YES;
				CLANG_ANALYZER_NUMBER_OBJECT_CONVERSION = YES_AGGRESSIVE;
				CLANG_CXX_LANGUAGE_STANDARD = "gnu++0x";
				CLANG_CXX_LIBRARY = "libc++";
				CLANG_ENABLE_MODULES = YES;
				CLANG_ENABLE_OBJC_ARC = YES;
				CLANG_WARN_BOOL_CONVERSION = YES;
				CLANG_WARN_CONSTANT_CONVERSION = YES;
				CLANG_WARN_DIRECT_OBJC_ISA_USAGE = YES_ERROR;
				CLANG_WARN_DOCUMENTATION_COMMENTS = YES;
				CLANG_WARN_EMPTY_BODY = YES;
				CLANG_WARN_ENUM_CONVERSION = YES;
				CLANG_WARN_INFINITE_RECURSION = YES;
				CLANG_WARN_INT_CONVERSION = YES;
				CLANG_WARN_OBJC_ROOT_CLASS = YES_ERROR;
				CLANG_WARN_SUSPICIOUS_MOVE = YES;
				CLANG_WARN_UNREACHABLE_CODE = YES;
				CLANG_WARN__DUPLICATE_METHOD_MATCH = YES;
				"CODE_SIGN_IDENTITY[sdk=iphoneos*]" = "iPhone Developer";
				COPY_PHASE_STRIP = NO;
				DEBUG_INFORMATION_FORMAT = dwarf;
				ENABLE_STRICT_OBJC_MSGSEND = YES;
				ENABLE_TESTABILITY = YES;
				GCC_C_LANGUAGE_STANDARD = gnu99;
				GCC_DYNAMIC_NO_PIC = NO;
				GCC_NO_COMMON_BLOCKS = YES;
				GCC_OPTIMIZATION_LEVEL = 0;
				GCC_PREPROCESSOR_DEFINITIONS = (
					"DEBUG=1",
					"$(inherited)",
				);
				GCC_WARN_64_TO_32_BIT_CONVERSION = YES;
				GCC_WARN_ABOUT_RETURN_TYPE = YES_ERROR;
				GCC_WARN_UNDECLARED_SELECTOR = YES;
				GCC_WARN_UNINITIALIZED_AUTOS = YES_AGGRESSIVE;
				GCC_WARN_UNUSED_FUNCTION = YES;
				GCC_WARN_UNUSED_VARIABLE = YES;
				IPHONEOS_DEPLOYMENT_TARGET = 10.3;
				MTL_ENABLE_DEBUG_INFO = YES;
				ONLY_ACTIVE_ARCH = YES;
				SDKROOT = iphoneos;
				SWIFT_ACTIVE_COMPILATION_CONDITIONS = DEBUG;
				SWIFT_OPTIMIZATION_LEVEL = "-Onone";
				TARGETED_DEVICE_FAMILY = "1,2";
			};
			name = Debug;
		};
		7C5AD7F71F05D8A700884019 /* Release */ = {
			isa = XCBuildConfiguration;
			buildSettings = {
				ALWAYS_SEARCH_USER_PATHS = NO;
				CLANG_ANALYZER_NONNULL = YES;
				CLANG_ANALYZER_NUMBER_OBJECT_CONVERSION = YES_AGGRESSIVE;
				CLANG_CXX_LANGUAGE_STANDARD = "gnu++0x";
				CLANG_CXX_LIBRARY = "libc++";
				CLANG_ENABLE_MODULES = YES;
				CLANG_ENABLE_OBJC_ARC = YES;
				CLANG_WARN_BOOL_CONVERSION = YES;
				CLANG_WARN_CONSTANT_CONVERSION = YES;
				CLANG_WARN_DIRECT_OBJC_ISA_USAGE = YES_ERROR;
				CLANG_WARN_DOCUMENTATION_COMMENTS = YES;
				CLANG_WARN_EMPTY_BODY = YES;
				CLANG_WARN_ENUM_CONVERSION = YES;
				CLANG_WARN_INFINITE_RECURSION = YES;
				CLANG_WARN_INT_CONVERSION = YES;
				CLANG_WARN_OBJC_ROOT_CLASS = YES_ERROR;
				CLANG_WARN_SUSPICIOUS_MOVE = YES;
				CLANG_WARN_UNREACHABLE_CODE = YES;
				CLANG_WARN__DUPLICATE_METHOD_MATCH = YES;
				"CODE_SIGN_IDENTITY[sdk=iphoneos*]" = "iPhone Developer";
				COPY_PHASE_STRIP = NO;
				DEBUG_INFORMATION_FORMAT = "dwarf-with-dsym";
				ENABLE_NS_ASSERTIONS = NO;
				ENABLE_STRICT_OBJC_MSGSEND = YES;
				GCC_C_LANGUAGE_STANDARD = gnu99;
				GCC_NO_COMMON_BLOCKS = YES;
				GCC_WARN_64_TO_32_BIT_CONVERSION = YES;
				GCC_WARN_ABOUT_RETURN_TYPE = YES_ERROR;
				GCC_WARN_UNDECLARED_SELECTOR = YES;
				GCC_WARN_UNINITIALIZED_AUTOS = YES_AGGRESSIVE;
				GCC_WARN_UNUSED_FUNCTION = YES;
				GCC_WARN_UNUSED_VARIABLE = YES;
				IPHONEOS_DEPLOYMENT_TARGET = 10.3;
				MTL_ENABLE_DEBUG_INFO = NO;
				SDKROOT = iphoneos;
				SWIFT_OPTIMIZATION_LEVEL = "-Owholemodule";
				TARGETED_DEVICE_FAMILY = "1,2";
				VALIDATE_PRODUCT = YES;
			};
			name = Release;
		};
		7C5AD7F91F05D8A700884019 /* Debug */ = {
			isa = XCBuildConfiguration;
			buildSettings = {
				ASSETCATALOG_COMPILER_APPICON_NAME = AppIcon;
				DEVELOPMENT_TEAM = 44H7KF5CV6;
				INFOPLIST_FILE = ImageScroll/Info.plist;
				LD_RUNPATH_SEARCH_PATHS = "$(inherited) @executable_path/Frameworks";
				PRODUCT_BUNDLE_IDENTIFIER = br.com.haikal.ImageScroll;
				PRODUCT_NAME = "$(TARGET_NAME)";
				SWIFT_VERSION = 3.0;
			};
			name = Debug;
		};
		7C5AD7FA1F05D8A700884019 /* Release */ = {
			isa = XCBuildConfiguration;
			buildSettings = {
				ASSETCATALOG_COMPILER_APPICON_NAME = AppIcon;
				DEVELOPMENT_TEAM = 44H7KF5CV6;
				INFOPLIST_FILE = ImageScroll/Info.plist;
				LD_RUNPATH_SEARCH_PATHS = "$(inherited) @executable_path/Frameworks";
				PRODUCT_BUNDLE_IDENTIFIER = br.com.haikal.ImageScroll;
				PRODUCT_NAME = "$(TARGET_NAME)";
				SWIFT_VERSION = 3.0;
			};
			name = Release;
		};
/* End XCBuildConfiguration section */

/* Begin XCConfigurationList section */
		7C5AD7DE1F05D8A700884019 /* Build configuration list for PBXProject "ImageScroll" */ = {
			isa = XCConfigurationList;
			buildConfigurations = (
				7C5AD7F61F05D8A700884019 /* Debug */,
				7C5AD7F71F05D8A700884019 /* Release */,
			);
			defaultConfigurationIsVisible = 0;
			defaultConfigurationName = Release;
		};
		7C5AD7F81F05D8A700884019 /* Build configuration list for PBXNativeTarget "ImageScroll" */ = {
			isa = XCConfigurationList;
			buildConfigurations = (
				7C5AD7F91F05D8A700884019 /* Debug */,
				7C5AD7FA1F05D8A700884019 /* Release */,
			);
			defaultConfigurationIsVisible = 0;
		};
/* End XCConfigurationList section */

/* Begin XCVersionGroup section */
		7C5AD7ED1F05D8A700884019 /* ImageScroll.xcdatamodeld */ = {
			isa = XCVersionGroup;
			children = (
				7C5AD7EE1F05D8A700884019 /* ImageScroll.xcdatamodel */,
			);
			currentVersion = 7C5AD7EE1F05D8A700884019 /* ImageScroll.xcdatamodel */;
			path = ImageScroll.xcdatamodeld;
			sourceTree = "<group>";
			versionGroupType = wrapper.xcdatamodel;
		};
/* End XCVersionGroup section */
	};
	rootObject = 7C5AD7DB1F05D8A700884019 /* Project object */;
}
