// !$*UTF8*$!
{
	archiveVersion = 1;
	classes = {
	};
	objectVersion = 46;
	objects = {

/* Begin PBXBuildFile section */
		7CAA639E1EE9F452003DF178 /* Triangle.swift in Sources */ = {isa = PBXBuildFile; fileRef = 7CAA639D1EE9F452003DF178 /* Triangle.swift */; };
		EB93369C1EE0E463004D82A1 /* AppDelegate.swift in Sources */ = {isa = PBXBuildFile; fileRef = EB93369B1EE0E463004D82A1 /* AppDelegate.swift */; };
		EB93369E1EE0E463004D82A1 /* ViewController.swift in Sources */ = {isa = PBXBuildFile; fileRef = EB93369D1EE0E463004D82A1 /* ViewController.swift */; };
		EB9336A11EE0E463004D82A1 /* Main.storyboard in Resources */ = {isa = PBXBuildFile; fileRef = EB93369F1EE0E463004D82A1 /* Main.storyboard */; };
		EB9336A31EE0E463004D82A1 /* Assets.xcassets in Resources */ = {isa = PBXBuildFile; fileRef = EB9336A21EE0E463004D82A1 /* Assets.xcassets */; };
		EB9336A61EE0E463004D82A1 /* LaunchScreen.storyboard in Resources */ = {isa = PBXBuildFile; fileRef = EB9336A41EE0E463004D82A1 /* LaunchScreen.storyboard */; };
		EB9336AE1EE0E4AF004D82A1 /* FaceView.swift in Sources */ = {isa = PBXBuildFile; fileRef = EB9336AD1EE0E4AF004D82A1 /* FaceView.swift */; };
/* End PBXBuildFile section */

/* Begin PBXFileReference section */
		7CAA639D1EE9F452003DF178 /* Triangle.swift */ = {isa = PBXFileReference; fileEncoding = 4; lastKnownFileType = sourcecode.swift; path = Triangle.swift; sourceTree = "<group>"; };
		EB9336981EE0E463004D82A1 /* Emoticon.app */ = {isa = PBXFileReference; explicitFileType = wrapper.application; includeInIndex = 0; path = Emoticon.app; sourceTree = BUILT_PRODUCTS_DIR; };
		EB93369B1EE0E463004D82A1 /* AppDelegate.swift */ = {isa = PBXFileReference; lastKnownFileType = sourcecode.swift; path = AppDelegate.swift; sourceTree = "<group>"; };
		EB93369D1EE0E463004D82A1 /* ViewController.swift */ = {isa = PBXFileReference; lastKnownFileType = sourcecode.swift; path = ViewController.swift; sourceTree = "<group>"; };
		EB9336A01EE0E463004D82A1 /* Base */ = {isa = PBXFileReference; lastKnownFileType = file.storyboard; name = Base; path = Base.lproj/Main.storyboard; sourceTree = "<group>"; };
		EB9336A21EE0E463004D82A1 /* Assets.xcassets */ = {isa = PBXFileReference; lastKnownFileType = folder.assetcatalog; path = Assets.xcassets; sourceTree = "<group>"; };
		EB9336A51EE0E463004D82A1 /* Base */ = {isa = PBXFileReference; lastKnownFileType = file.storyboard; name = Base; path = Base.lproj/LaunchScreen.storyboard; sourceTree = "<group>"; };
		EB9336A71EE0E463004D82A1 /* Info.plist */ = {isa = PBXFileReference; lastKnownFileType = text.plist.xml; path = Info.plist; sourceTree = "<group>"; };
		EB9336AD1EE0E4AF004D82A1 /* FaceView.swift */ = {isa = PBXFileReference; fileEncoding = 4; lastKnownFileType = sourcecode.swift; path = FaceView.swift; sourceTree = "<group>"; };
/* End PBXFileReference section */

/* Begin PBXFrameworksBuildPhase section */
		EB9336951EE0E463004D82A1 /* Frameworks */ = {
			isa = PBXFrameworksBuildPhase;
			buildActionMask = 2147483647;
			files = (
			);
			runOnlyForDeploymentPostprocessing = 0;
		};
/* End PBXFrameworksBuildPhase section */

/* Begin PBXGroup section */
		EB93368F1EE0E463004D82A1 = {
			isa = PBXGroup;
			children = (
				EB93369A1EE0E463004D82A1 /* Emoticon */,
				EB9336991EE0E463004D82A1 /* Products */,
			);
			sourceTree = "<group>";
		};
		EB9336991EE0E463004D82A1 /* Products */ = {
			isa = PBXGroup;
			children = (
				EB9336981EE0E463004D82A1 /* Emoticon.app */,
			);
			name = Products;
			sourceTree = "<group>";
		};
		EB93369A1EE0E463004D82A1 /* Emoticon */ = {
			isa = PBXGroup;
			children = (
				EB93369B1EE0E463004D82A1 /* AppDelegate.swift */,
				EB93369D1EE0E463004D82A1 /* ViewController.swift */,
				EB93369F1EE0E463004D82A1 /* Main.storyboard */,
				EB9336A21EE0E463004D82A1 /* Assets.xcassets */,
				EB9336A41EE0E463004D82A1 /* LaunchScreen.storyboard */,
				EB9336A71EE0E463004D82A1 /* Info.plist */,
				EB9336AD1EE0E4AF004D82A1 /* FaceView.swift */,
				7CAA639D1EE9F452003DF178 /* Triangle.swift */,
			);
			path = Emoticon;
			sourceTree = "<group>";
		};
/* End PBXGroup section */

/* Begin PBXNativeTarget section */
		EB9336971EE0E463004D82A1 /* Emoticon */ = {
			isa = PBXNativeTarget;
			buildConfigurationList = EB9336AA1EE0E463004D82A1 /* Build configuration list for PBXNativeTarget "Emoticon" */;
			buildPhases = (
				EB9336941EE0E463004D82A1 /* Sources */,
				EB9336951EE0E463004D82A1 /* Frameworks */,
				EB9336961EE0E463004D82A1 /* Resources */,
			);
			buildRules = (
			);
			dependencies = (
			);
			name = Emoticon;
			productName = Emoticon;
			productReference = EB9336981EE0E463004D82A1 /* Emoticon.app */;
			productType = "com.apple.product-type.application";
		};
/* End PBXNativeTarget section */

/* Begin PBXProject section */
		EB9336901EE0E463004D82A1 /* Project object */ = {
			isa = PBXProject;
			attributes = {
				LastSwiftUpdateCheck = 0830;
				LastUpgradeCheck = 0830;
				ORGANIZATIONNAME = IESB;
				TargetAttributes = {
					EB9336971EE0E463004D82A1 = {
						CreatedOnToolsVersion = 8.3.2;
						ProvisioningStyle = Automatic;
					};
				};
			};
			buildConfigurationList = EB9336931EE0E463004D82A1 /* Build configuration list for PBXProject "Emoticon" */;
			compatibilityVersion = "Xcode 3.2";
			developmentRegion = English;
			hasScannedForEncodings = 0;
			knownRegions = (
				en,
				Base,
			);
			mainGroup = EB93368F1EE0E463004D82A1;
			productRefGroup = EB9336991EE0E463004D82A1 /* Products */;
			projectDirPath = "";
			projectRoot = "";
			targets = (
				EB9336971EE0E463004D82A1 /* Emoticon */,
			);
		};
/* End PBXProject section */

/* Begin PBXResourcesBuildPhase section */
		EB9336961EE0E463004D82A1 /* Resources */ = {
			isa = PBXResourcesBuildPhase;
			buildActionMask = 2147483647;
			files = (
				EB9336A61EE0E463004D82A1 /* LaunchScreen.storyboard in Resources */,
				EB9336A31EE0E463004D82A1 /* Assets.xcassets in Resources */,
				EB9336A11EE0E463004D82A1 /* Main.storyboard in Resources */,
			);
			runOnlyForDeploymentPostprocessing = 0;
		};
/* End PBXResourcesBuildPhase section */

/* Begin PBXSourcesBuildPhase section */
		EB9336941EE0E463004D82A1 /* Sources */ = {
			isa = PBXSourcesBuildPhase;
			buildActionMask = 2147483647;
			files = (
				EB93369E1EE0E463004D82A1 /* ViewController.swift in Sources */,
				EB93369C1EE0E463004D82A1 /* AppDelegate.swift in Sources */,
				EB9336AE1EE0E4AF004D82A1 /* FaceView.swift in Sources */,
				7CAA639E1EE9F452003DF178 /* Triangle.swift in Sources */,
			);
			runOnlyForDeploymentPostprocessing = 0;
		};
/* End PBXSourcesBuildPhase section */

/* Begin PBXVariantGroup section */
		EB93369F1EE0E463004D82A1 /* Main.storyboard */ = {
			isa = PBXVariantGroup;
			children = (
				EB9336A01EE0E463004D82A1 /* Base */,
			);
			name = Main.storyboard;
			sourceTree = "<group>";
		};
		EB9336A41EE0E463004D82A1 /* LaunchScreen.storyboard */ = {
			isa = PBXVariantGroup;
			children = (
				EB9336A51EE0E463004D82A1 /* Base */,
			);
			name = LaunchScreen.storyboard;
			sourceTree = "<group>";
		};
/* End PBXVariantGroup section */

/* Begin XCBuildConfiguration section */
		EB9336A81EE0E463004D82A1 /* Debug */ = {
			isa = XCBuildConfiguration;
			buildSettings = {
				ALWAYS_SEARCH_USER_PATHS = NO;
				CLANG_ANALYZER_NONNULL = YES;
				CLANG_ANALYZER_NUMBER_OBJECT_CONVERSION = YES_AGGRESSIVE;
				CLANG_CXX_LANGUAGE_STANDARD = "gnu++0x";
				CLANG_CXX_LIBRARY = "libc++";
				CLANG_ENABLE_MODULES = YES;
				CLANG_ENABLE_OBJC_ARC = YES;
				CLANG_WARN_BOOL_CONVERSION = YES;
				CLANG_WARN_CONSTANT_CONVERSION = YES;
				CLANG_WARN_DIRECT_OBJC_ISA_USAGE = YES_ERROR;
				CLANG_WARN_DOCUMENTATION_COMMENTS = YES;
				CLANG_WARN_EMPTY_BODY = YES;
				CLANG_WARN_ENUM_CONVERSION = YES;
				CLANG_WARN_INFINITE_RECURSION = YES;
				CLANG_WARN_INT_CONVERSION = YES;
				CLANG_WARN_OBJC_ROOT_CLASS = YES_ERROR;
				CLANG_WARN_SUSPICIOUS_MOVE = YES;
				CLANG_WARN_UNREACHABLE_CODE = YES;
				CLANG_WARN__DUPLICATE_METHOD_MATCH = YES;
				"CODE_SIGN_IDENTITY[sdk=iphoneos*]" = "iPhone Developer";
				COPY_PHASE_STRIP = NO;
				DEBUG_INFORMATION_FORMAT = dwarf;
				ENABLE_STRICT_OBJC_MSGSEND = YES;
				ENABLE_TESTABILITY = YES;
				GCC_C_LANGUAGE_STANDARD = gnu99;
				GCC_DYNAMIC_NO_PIC = NO;
				GCC_NO_COMMON_BLOCKS = YES;
				GCC_OPTIMIZATION_LEVEL = 0;
				GCC_PREPROCESSOR_DEFINITIONS = (
					"DEBUG=1",
					"$(inherited)",
				);
				GCC_WARN_64_TO_32_BIT_CONVERSION = YES;
				GCC_WARN_ABOUT_RETURN_TYPE = YES_ERROR;
				GCC_WARN_UNDECLARED_SELECTOR = YES;
				GCC_WARN_UNINITIALIZED_AUTOS = YES_AGGRESSIVE;
				GCC_WARN_UNUSED_FUNCTION = YES;
				GCC_WARN_UNUSED_VARIABLE = YES;
				IPHONEOS_DEPLOYMENT_TARGET = 10.3;
				MTL_ENABLE_DEBUG_INFO = YES;
				ONLY_ACTIVE_ARCH = YES;
				SDKROOT = iphoneos;
				SWIFT_ACTIVE_COMPILATION_CONDITIONS = DEBUG;
				SWIFT_OPTIMIZATION_LEVEL = "-Onone";
				TARGETED_DEVICE_FAMILY = "1,2";
			};
			name = Debug;
		};
		EB9336A91EE0E463004D82A1 /* Release */ = {
			isa = XCBuildConfiguration;
			buildSettings = {
				ALWAYS_SEARCH_USER_PATHS = NO;
				CLANG_ANALYZER_NONNULL = YES;
				CLANG_ANALYZER_NUMBER_OBJECT_CONVERSION = YES_AGGRESSIVE;
				CLANG_CXX_LANGUAGE_STANDARD = "gnu++0x";
				CLANG_CXX_LIBRARY = "libc++";
				CLANG_ENABLE_MODULES = YES;
				CLANG_ENABLE_OBJC_ARC = YES;
				CLANG_WARN_BOOL_CONVERSION = YES;
				CLANG_WARN_CONSTANT_CONVERSION = YES;
				CLANG_WARN_DIRECT_OBJC_ISA_USAGE = YES_ERROR;
				CLANG_WARN_DOCUMENTATION_COMMENTS = YES;
				CLANG_WARN_EMPTY_BODY = YES;
				CLANG_WARN_ENUM_CONVERSION = YES;
				CLANG_WARN_INFINITE_RECURSION = YES;
				CLANG_WARN_INT_CONVERSION = YES;
				CLANG_WARN_OBJC_ROOT_CLASS = YES_ERROR;
				CLANG_WARN_SUSPICIOUS_MOVE = YES;
				CLANG_WARN_UNREACHABLE_CODE = YES;
				CLANG_WARN__DUPLICATE_METHOD_MATCH = YES;
				"CODE_SIGN_IDENTITY[sdk=iphoneos*]" = "iPhone Developer";
				COPY_PHASE_STRIP = NO;
				DEBUG_INFORMATION_FORMAT = "dwarf-with-dsym";
				ENABLE_NS_ASSERTIONS = NO;
				ENABLE_STRICT_OBJC_MSGSEND = YES;
				GCC_C_LANGUAGE_STANDARD = gnu99;
				GCC_NO_COMMON_BLOCKS = YES;
				GCC_WARN_64_TO_32_BIT_CONVERSION = YES;
				GCC_WARN_ABOUT_RETURN_TYPE = YES_ERROR;
				GCC_WARN_UNDECLARED_SELECTOR = YES;
				GCC_WARN_UNINITIALIZED_AUTOS = YES_AGGRESSIVE;
				GCC_WARN_UNUSED_FUNCTION = YES;
				GCC_WARN_UNUSED_VARIABLE = YES;
				IPHONEOS_DEPLOYMENT_TARGET = 10.3;
				MTL_ENABLE_DEBUG_INFO = NO;
				SDKROOT = iphoneos;
				SWIFT_OPTIMIZATION_LEVEL = "-Owholemodule";
				TARGETED_DEVICE_FAMILY = "1,2";
				VALIDATE_PRODUCT = YES;
			};
			name = Release;
		};
		EB9336AB1EE0E463004D82A1 /* Debug */ = {
			isa = XCBuildConfiguration;
			buildSettings = {
				ASSETCATALOG_COMPILER_APPICON_NAME = AppIcon;
				INFOPLIST_FILE = Emoticon/Info.plist;
				LD_RUNPATH_SEARCH_PATHS = "$(inherited) @executable_path/Frameworks";
				PRODUCT_BUNDLE_IDENTIFIER = br.iesb.professor.Emoticon;
				PRODUCT_NAME = "$(TARGET_NAME)";
				SWIFT_VERSION = 3.0;
			};
			name = Debug;
		};
		EB9336AC1EE0E463004D82A1 /* Release */ = {
			isa = XCBuildConfiguration;
			buildSettings = {
				ASSETCATALOG_COMPILER_APPICON_NAME = AppIcon;
				INFOPLIST_FILE = Emoticon/Info.plist;
				LD_RUNPATH_SEARCH_PATHS = "$(inherited) @executable_path/Frameworks";
				PRODUCT_BUNDLE_IDENTIFIER = br.iesb.professor.Emoticon;
				PRODUCT_NAME = "$(TARGET_NAME)";
				SWIFT_VERSION = 3.0;
			};
			name = Release;
		};
/* End XCBuildConfiguration section */

/* Begin XCConfigurationList section */
		EB9336931EE0E463004D82A1 /* Build configuration list for PBXProject "Emoticon" */ = {
			isa = XCConfigurationList;
			buildConfigurations = (
				EB9336A81EE0E463004D82A1 /* Debug */,
				EB9336A91EE0E463004D82A1 /* Release */,
			);
			defaultConfigurationIsVisible = 0;
			defaultConfigurationName = Release;
		};
		EB9336AA1EE0E463004D82A1 /* Build configuration list for PBXNativeTarget "Emoticon" */ = {
			isa = XCConfigurationList;
			buildConfigurations = (
				EB9336AB1EE0E463004D82A1 /* Debug */,
				EB9336AC1EE0E463004D82A1 /* Release */,
			);
			defaultConfigurationIsVisible = 0;
			defaultConfigurationName = Release;
		};
/* End XCConfigurationList section */
	};
	rootObject = EB9336901EE0E463004D82A1 /* Project object */;
}
